
Microsoft Visual Studio Solution File, Format Version 12.00
# Visual Studio Version 17
VisualStudioVersion = 17.13.35825.156
MinimumVisualStudioVersion = 10.0.40219.1
Project("{FAE04EC0-301F-11D3-BF4B-00C04F79EFBC}") = "ExpenseSolution.Utils", "ExpenseSolution.Utils\ExpenseSolution.Utils.csproj", "{402E6A6B-CA53-49EF-8C3A-E686F4B25ECA}"
EndProject
Project("{FAE04EC0-301F-11D3-BF4B-00C04F79EFBC}") = "ExpenseSolution.Domain", "ExpenseSolution.Models\ExpenseSolution.Domain.csproj", "{83E1BEA4-C00B-4C50-881F-64A9B96A9E89}"
EndProject
Project("{FAE04EC0-301F-11D3-BF4B-00C04F79EFBC}") = "ExpenseSolution.WebAPI", "ExpenseSolution.WebAPI\ExpenseSolution.WebAPI.csproj", "{ED2EE2D9-F8B9-4616-A636-DBCEEA1F6FFC}"
EndProject
Project("{FAE04EC0-301F-11D3-BF4B-00C04F79EFBC}") = "ExpenseSolution.Repositories", "ExpenseSolution.Repositories\ExpenseSolution.Repositories.csproj", "{2D77DF45-FBB4-42C4-AA18-C3D988978DE5}"
EndProject
Project("{FAE04EC0-301F-11D3-BF4B-00C04F79EFBC}") = "ExpenseSolution.Services", "ExpenseSolution.Services\ExpenseSolution.Services.csproj", "{0BDAA5B4-CD98-4B68-9EBA-34F0E8A3CBD5}"
EndProject
Global
	GlobalSection(SolutionConfigurationPlatforms) = preSolution
		Debug|Any CPU = Debug|Any CPU
		Release|Any CPU = Release|Any CPU
	EndGlobalSection
	GlobalSection(ProjectConfigurationPlatforms) = postSolution
		{402E6A6B-CA53-49EF-8C3A-E686F4B25ECA}.Debug|Any CPU.ActiveCfg = Debug|Any CPU
		{402E6A6B-CA53-49EF-8C3A-E686F4B25ECA}.Debug|Any CPU.Build.0 = Debug|Any CPU
		{402E6A6B-CA53-49EF-8C3A-E686F4B25ECA}.Release|Any CPU.ActiveCfg = Release|Any CPU
		{402E6A6B-CA53-49EF-8C3A-E686F4B25ECA}.Release|Any CPU.Build.0 = Release|Any CPU
		{83E1BEA4-C00B-4C50-881F-64A9B96A9E89}.Debug|Any CPU.ActiveCfg = Debug|Any CPU
		{83E1BEA4-C00B-4C50-881F-64A9B96A9E89}.Debug|Any CPU.Build.0 = Debug|Any CPU
		{83E1BEA4-C00B-4C50-881F-64A9B96A9E89}.Release|Any CPU.ActiveCfg = Release|Any CPU
		{83E1BEA4-C00B-4C50-881F-64A9B96A9E89}.Release|Any CPU.Build.0 = Release|Any CPU
		{ED2EE2D9-F8B9-4616-A636-DBCEEA1F6FFC}.Debug|Any CPU.ActiveCfg = Debug|Any CPU
		{ED2EE2D9-F8B9-4616-A636-DBCEEA1F6FFC}.Debug|Any CPU.Build.0 = Debug|Any CPU
		{ED2EE2D9-F8B9-4616-A636-DBCEEA1F6FFC}.Release|Any CPU.ActiveCfg = Release|Any CPU
		{ED2EE2D9-F8B9-4616-A636-DBCEEA1F6FFC}.Release|Any CPU.Build.0 = Release|Any CPU
		{2D77DF45-FBB4-42C4-AA18-C3D988978DE5}.Debug|Any CPU.ActiveCfg = Debug|Any CPU
		{2D77DF45-FBB4-42C4-AA18-C3D988978DE5}.Debug|Any CPU.Build.0 = Debug|Any CPU
		{2D77DF45-FBB4-42C4-AA18-C3D988978DE5}.Release|Any CPU.ActiveCfg = Release|Any CPU
		{2D77DF45-FBB4-42C4-AA18-C3D988978DE5}.Release|Any CPU.Build.0 = Release|Any CPU
		{0BDAA5B4-CD98-4B68-9EBA-34F0E8A3CBD5}.Debug|Any CPU.ActiveCfg = Debug|Any CPU
		{0BDAA5B4-CD98-4B68-9EBA-34F0E8A3CBD5}.Debug|Any CPU.Build.0 = Debug|Any CPU
		{0BDAA5B4-CD98-4B68-9EBA-34F0E8A3CBD5}.Release|Any CPU.ActiveCfg = Release|Any CPU
		{0BDAA5B4-CD98-4B68-9EBA-34F0E8A3CBD5}.Release|Any CPU.Build.0 = Release|Any CPU
	EndGlobalSection
	GlobalSection(SolutionProperties) = preSolution
		HideSolutionNode = FALSE
	EndGlobalSection
	GlobalSection(ExtensibilityGlobals) = postSolution
		SolutionGuid = {F5BFC7D6-1142-4000-BD3A-6771BB780300}
	EndGlobalSection
EndGlobal
